// !$*UTF8*$!
{
	archiveVersion = 1;
	classes = {
	};
	objectVersion = 77;
	objects = {

/* Begin PBXBuildFile section */
		74D73E8A2D38801F0078F8B0 /* README.md in Resources */ = {isa = PBXBuildFile; fileRef = 74D73E892D387FD70078F8B0 /* README.md */; };
/* End PBXBuildFile section */

/* Begin PBXContainerItemProxy section */
		744A9E6E2D35EBF2006403E7 /* PBXContainerItemProxy */ = {
			isa = PBXContainerItemProxy;
			containerPortal = 744A9E552D35EBF0006403E7 /* Project object */;
			proxyType = 1;
			remoteGlobalIDString = 744A9E5C2D35EBF0006403E7;
			remoteInfo = NasaPodProject;
		};
		744A9E782D35EBF2006403E7 /* PBXContainerItemProxy */ = {
			isa = PBXContainerItemProxy;
			containerPortal = 744A9E552D35EBF0006403E7 /* Project object */;
			proxyType = 1;
			remoteGlobalIDString = 744A9E5C2D35EBF0006403E7;
			remoteInfo = NasaPodProject;
		};
/* End PBXContainerItemProxy section */

/* Begin PBXFileReference section */
		744A9E5D2D35EBF0006403E7 /* NasaPodProject.app */ = {isa = PBXFileReference; explicitFileType = wrapper.application; includeInIndex = 0; name = NasaPodProject.app; path = "/Users/matharus/Documents/Projects/NasaPodProject/build/Debug-iphoneos/NasaPodProject.app"; sourceTree = "<absolute>"; };
		744A9E6D2D35EBF2006403E7 /* NasaPodProjectTests.xctest */ = {isa = PBXFileReference; explicitFileType = wrapper.cfbundle; includeInIndex = 0; name = NasaPodProjectTests.xctest; path = "/Users/matharus/Documents/Projects/NasaPodProject/build/Debug-iphoneos/NasaPodProject.app/PlugIns/NasaPodProjectTests.xctest"; sourceTree = "<absolute>"; };
		744A9E772D35EBF2006403E7 /* NasaPodProjectUITests.xctest */ = {isa = PBXFileReference; explicitFileType = wrapper.cfbundle; includeInIndex = 0; name = NasaPodProjectUITests.xctest; path = "/Users/matharus/Documents/Projects/NasaPodProject/build/Debug-iphoneos/NasaPodProjectUITests-Runner.app/PlugIns/NasaPodProjectUITests.xctest"; sourceTree = "<absolute>"; };
		74D73E892D387FD70078F8B0 /* README.md */ = {isa = PBXFileReference; lastKnownFileType = net.daringfireball.markdown; path = README.md; sourceTree = "<group>"; };
/* End PBXFileReference section */

/* Begin PBXFileSystemSynchronizedRootGroup section */
		744A9E5F2D35EBF0006403E7 /* NasaPodProject */ = {
			isa = PBXFileSystemSynchronizedRootGroup;
			path = NasaPodProject;
			sourceTree = "<group>";
		};
		744A9E702D35EBF2006403E7 /* NasaPodProjectTests */ = {
			isa = PBXFileSystemSynchronizedRootGroup;
			path = NasaPodProjectTests;
			sourceTree = "<group>";
		};
/* End PBXFileSystemSynchronizedRootGroup section */

/* Begin PBXFrameworksBuildPhase section */
		744A9E5A2D35EBF0006403E7 /* Frameworks */ = {
			isa = PBXFrameworksBuildPhase;
			buildActionMask = 2147483647;
			files = (
			);
			runOnlyForDeploymentPostprocessing = 0;
		};
		744A9E6A2D35EBF2006403E7 /* Frameworks */ = {
			isa = PBXFrameworksBuildPhase;
			buildActionMask = 2147483647;
			files = (
			);
			runOnlyForDeploymentPostprocessing = 0;
		};
		744A9E742D35EBF2006403E7 /* Frameworks */ = {
			isa = PBXFrameworksBuildPhase;
			buildActionMask = 2147483647;
			files = (
			);
			runOnlyForDeploymentPostprocessing = 0;
		};
/* End PBXFrameworksBuildPhase section */

/* Begin PBXGroup section */
		744A9E542D35EBF0006403E7 = {
			isa = PBXGroup;
			children = (
				74D73E892D387FD70078F8B0 /* README.md */,
				744A9E5F2D35EBF0006403E7 /* NasaPodProject */,
				744A9E702D35EBF2006403E7 /* NasaPodProjectTests */,
			);
			sourceTree = "<group>";
		};
/* End PBXGroup section */

/* Begin PBXNativeTarget section */
		744A9E5C2D35EBF0006403E7 /* NasaPodProject */ = {
			isa = PBXNativeTarget;
			buildConfigurationList = 744A9E812D35EBF2006403E7 /* Build configuration list for PBXNativeTarget "NasaPodProject" */;
			buildPhases = (
				744A9E592D35EBF0006403E7 /* Sources */,
				744A9E5A2D35EBF0006403E7 /* Frameworks */,
				744A9E5B2D35EBF0006403E7 /* Resources */,
			);
			buildRules = (
			);
			dependencies = (
			);
			fileSystemSynchronizedGroups = (
				744A9E5F2D35EBF0006403E7 /* NasaPodProject */,
			);
			name = NasaPodProject;
			packageProductDependencies = (
			);
			productName = NasaPodProject;
			productReference = 744A9E5D2D35EBF0006403E7 /* NasaPodProject.app */;
			productType = "com.apple.product-type.application";
		};
		744A9E6C2D35EBF2006403E7 /* NasaPodProjectTests */ = {
			isa = PBXNativeTarget;
			buildConfigurationList = 744A9E842D35EBF2006403E7 /* Build configuration list for PBXNativeTarget "NasaPodProjectTests" */;
			buildPhases = (
				744A9E692D35EBF2006403E7 /* Sources */,
				744A9E6A2D35EBF2006403E7 /* Frameworks */,
				744A9E6B2D35EBF2006403E7 /* Resources */,
			);
			buildRules = (
			);
			dependencies = (
				744A9E6F2D35EBF2006403E7 /* PBXTargetDependency */,
			);
			fileSystemSynchronizedGroups = (
				744A9E702D35EBF2006403E7 /* NasaPodProjectTests */,
			);
			name = NasaPodProjectTests;
			packageProductDependencies = (
			);
			productName = NasaPodProjectTests;
			productReference = 744A9E6D2D35EBF2006403E7 /* NasaPodProjectTests.xctest */;
			productType = "com.apple.product-type.bundle.unit-test";
		};
		744A9E762D35EBF2006403E7 /* NasaPodProjectUITests */ = {
			isa = PBXNativeTarget;
			buildConfigurationList = 744A9E872D35EBF2006403E7 /* Build configuration list for PBXNativeTarget "NasaPodProjectUITests" */;
			buildPhases = (
				744A9E732D35EBF2006403E7 /* Sources */,
				744A9E742D35EBF2006403E7 /* Frameworks */,
				744A9E752D35EBF2006403E7 /* Resources */,
			);
			buildRules = (
			);
			dependencies = (
				744A9E792D35EBF2006403E7 /* PBXTargetDependency */,
			);
			name = NasaPodProjectUITests;
			packageProductDependencies = (
			);
			productName = NasaPodProjectUITests;
			productReference = 744A9E772D35EBF2006403E7 /* NasaPodProjectUITests.xctest */;
			productType = "com.apple.product-type.bundle.ui-testing";
		};
/* End PBXNativeTarget section */

/* Begin PBXProject section */
		744A9E552D35EBF0006403E7 /* Project object */ = {
			isa = PBXProject;
			attributes = {
				BuildIndependentTargetsInParallel = 1;
				LastSwiftUpdateCheck = 1610;
				LastUpgradeCheck = 1610;
				TargetAttributes = {
					744A9E5C2D35EBF0006403E7 = {
						CreatedOnToolsVersion = 16.1;
					};
					744A9E6C2D35EBF2006403E7 = {
						CreatedOnToolsVersion = 16.1;
						TestTargetID = 744A9E5C2D35EBF0006403E7;
					};
					744A9E762D35EBF2006403E7 = {
						CreatedOnToolsVersion = 16.1;
						TestTargetID = 744A9E5C2D35EBF0006403E7;
					};
				};
			};
			buildConfigurationList = 744A9E582D35EBF0006403E7 /* Build configuration list for PBXProject "NasaPodProject" */;
			developmentRegion = en;
			hasScannedForEncodings = 0;
			knownRegions = (
				en,
				Base,
			);
			mainGroup = 744A9E542D35EBF0006403E7;
			minimizedProjectReferenceProxies = 1;
			preferredProjectObjectVersion = 77;
			productRefGroup = 744A9E542D35EBF0006403E7;
			projectDirPath = "";
			projectRoot = "";
			targets = (
				744A9E5C2D35EBF0006403E7 /* NasaPodProject */,
				744A9E6C2D35EBF2006403E7 /* NasaPodProjectTests */,
				744A9E762D35EBF2006403E7 /* NasaPodProjectUITests */,
			);
		};
/* End PBXProject section */

/* Begin PBXResourcesBuildPhase section */
		744A9E5B2D35EBF0006403E7 /* Resources */ = {
			isa = PBXResourcesBuildPhase;
			buildActionMask = 2147483647;
			files = (
				74D73E8A2D38801F0078F8B0 /* README.md in Resources */,
			);
			runOnlyForDeploymentPostprocessing = 0;
		};
		744A9E6B2D35EBF2006403E7 /* Resources */ = {
			isa = PBXResourcesBuildPhase;
			buildActionMask = 2147483647;
			files = (
			);
			runOnlyForDeploymentPostprocessing = 0;
		};
		744A9E752D35EBF2006403E7 /* Resources */ = {
			isa = PBXResourcesBuildPhase;
			buildActionMask = 2147483647;
			files = (
			);
			runOnlyForDeploymentPostprocessing = 0;
		};
/* End PBXResourcesBuildPhase section */

/* Begin PBXSourcesBuildPhase section */
		744A9E592D35EBF0006403E7 /* Sources */ = {
			isa = PBXSourcesBuildPhase;
			buildActionMask = 2147483647;
			files = (
			);
			runOnlyForDeploymentPostprocessing = 0;
		};
		744A9E692D35EBF2006403E7 /* Sources */ = {
			isa = PBXSourcesBuildPhase;
			buildActionMask = 2147483647;
			files = (
			);
			runOnlyForDeploymentPostprocessing = 0;
		};
		744A9E732D35EBF2006403E7 /* Sources */ = {
			isa = PBXSourcesBuildPhase;
			buildActionMask = 2147483647;
			files = (
			);
			runOnlyForDeploymentPostprocessing = 0;
		};
/* End PBXSourcesBuildPhase section */

/* Begin PBXTargetDependency section */
		744A9E6F2D35EBF2006403E7 /* PBXTargetDependency */ = {
			isa = PBXTargetDependency;
			target = 744A9E5C2D35EBF0006403E7 /* NasaPodProject */;
			targetProxy = 744A9E6E2D35EBF2006403E7 /* PBXContainerItemProxy */;
		};
		744A9E792D35EBF2006403E7 /* PBXTargetDependency */ = {
			isa = PBXTargetDependency;
			target = 744A9E5C2D35EBF0006403E7 /* NasaPodProject */;
			targetProxy = 744A9E782D35EBF2006403E7 /* PBXContainerItemProxy */;
		};
/* End PBXTargetDependency section */

/* Begin XCBuildConfiguration section */
		744A9E7F2D35EBF2006403E7 /* Debug */ = {
			isa = XCBuildConfiguration;
			buildSettings = {
				ALWAYS_SEARCH_USER_PATHS = NO;
				ASSETCATALOG_COMPILER_GENERATE_SWIFT_ASSET_SYMBOL_EXTENSIONS = YES;
				CLANG_ANALYZER_NONNULL = YES;
				CLANG_ANALYZER_NUMBER_OBJECT_CONVERSION = YES_AGGRESSIVE;
				CLANG_CXX_LANGUAGE_STANDARD = "gnu++20";
				CLANG_ENABLE_MODULES = YES;
				CLANG_ENABLE_OBJC_ARC = YES;
				CLANG_ENABLE_OBJC_WEAK = YES;
				CLANG_WARN_BLOCK_CAPTURE_AUTORELEASING = YES;
				CLANG_WARN_BOOL_CONVERSION = YES;
				CLANG_WARN_COMMA = YES;
				CLANG_WARN_CONSTANT_CONVERSION = YES;
				CLANG_WARN_DEPRECATED_OBJC_IMPLEMENTATIONS = YES;
				CLANG_WARN_DIRECT_OBJC_ISA_USAGE = YES_ERROR;
				CLANG_WARN_DOCUMENTATION_COMMENTS = YES;
				CLANG_WARN_EMPTY_BODY = YES;
				CLANG_WARN_ENUM_CONVERSION = YES;
				CLANG_WARN_INFINITE_RECURSION = YES;
				CLANG_WARN_INT_CONVERSION = YES;
				CLANG_WARN_NON_LITERAL_NULL_CONVERSION = YES;
				CLANG_WARN_OBJC_IMPLICIT_RETAIN_SELF = YES;
				CLANG_WARN_OBJC_LITERAL_CONVERSION = YES;
				CLANG_WARN_OBJC_ROOT_CLASS = YES_ERROR;
				CLANG_WARN_QUOTED_INCLUDE_IN_FRAMEWORK_HEADER = YES;
				CLANG_WARN_RANGE_LOOP_ANALYSIS = YES;
				CLANG_WARN_STRICT_PROTOTYPES = YES;
				CLANG_WARN_SUSPICIOUS_MOVE = YES;
				CLANG_WARN_UNGUARDED_AVAILABILITY = YES_AGGRESSIVE;
				CLANG_WARN_UNREACHABLE_CODE = YES;
				CLANG_WARN__DUPLICATE_METHOD_MATCH = YES;
				COPY_PHASE_STRIP = NO;
				DEBUG_INFORMATION_FORMAT = dwarf;
				ENABLE_STRICT_OBJC_MSGSEND = YES;
				ENABLE_TESTABILITY = YES;
				ENABLE_USER_SCRIPT_SANDBOXING = YES;
				GCC_C_LANGUAGE_STANDARD = gnu17;
				GCC_DYNAMIC_NO_PIC = NO;
				GCC_NO_COMMON_BLOCKS = YES;
				GCC_OPTIMIZATION_LEVEL = 0;
				GCC_PREPROCESSOR_DEFINITIONS = (
					"DEBUG=1",
					"$(inherited)",
				);
				GCC_WARN_64_TO_32_BIT_CONVERSION = YES;
				GCC_WARN_ABOUT_RETURN_TYPE = YES_ERROR;
				GCC_WARN_UNDECLARED_SELECTOR = YES;
				GCC_WARN_UNINITIALIZED_AUTOS = YES_AGGRESSIVE;
				GCC_WARN_UNUSED_FUNCTION = YES;
				GCC_WARN_UNUSED_VARIABLE = YES;
				IPHONEOS_DEPLOYMENT_TARGET = 18.1;
				LOCALIZATION_PREFERS_STRING_CATALOGS = YES;
				MTL_ENABLE_DEBUG_INFO = INCLUDE_SOURCE;
				MTL_FAST_MATH = YES;
				ONLY_ACTIVE_ARCH = YES;
				SDKROOT = iphoneos;
				SWIFT_ACTIVE_COMPILATION_CONDITIONS = "DEBUG $(inherited)";
				SWIFT_OPTIMIZATION_LEVEL = "-Onone";
			};
			name = Debug;
		};
		744A9E802D35EBF2006403E7 /* Release */ = {
			isa = XCBuildConfiguration;
			buildSettings = {
				ALWAYS_SEARCH_USER_PATHS = NO;
				ASSETCATALOG_COMPILER_GENERATE_SWIFT_ASSET_SYMBOL_EXTENSIONS = YES;
				CLANG_ANALYZER_NONNULL = YES;
				CLANG_ANALYZER_NUMBER_OBJECT_CONVERSION = YES_AGGRESSIVE;
				CLANG_CXX_LANGUAGE_STANDARD = "gnu++20";
				CLANG_ENABLE_MODULES = YES;
				CLANG_ENABLE_OBJC_ARC = YES;
				CLANG_ENABLE_OBJC_WEAK = YES;
				CLANG_WARN_BLOCK_CAPTURE_AUTORELEASING = YES;
				CLANG_WARN_BOOL_CONVERSION = YES;
				CLANG_WARN_COMMA = YES;
				CLANG_WARN_CONSTANT_CONVERSION = YES;
				CLANG_WARN_DEPRECATED_OBJC_IMPLEMENTATIONS = YES;
				CLANG_WARN_DIRECT_OBJC_ISA_USAGE = YES_ERROR;
				CLANG_WARN_DOCUMENTATION_COMMENTS = YES;
				CLANG_WARN_EMPTY_BODY = YES;
				CLANG_WARN_ENUM_CONVERSION = YES;
				CLANG_WARN_INFINITE_RECURSION = YES;
				CLANG_WARN_INT_CONVERSION = YES;
				CLANG_WARN_NON_LITERAL_NULL_CONVERSION = YES;
				CLANG_WARN_OBJC_IMPLICIT_RETAIN_SELF = YES;
				CLANG_WARN_OBJC_LITERAL_CONVERSION = YES;
				CLANG_WARN_OBJC_ROOT_CLASS = YES_ERROR;
				CLANG_WARN_QUOTED_INCLUDE_IN_FRAMEWORK_HEADER = YES;
				CLANG_WARN_RANGE_LOOP_ANALYSIS = YES;
				CLANG_WARN_STRICT_PROTOTYPES = YES;
				CLANG_WARN_SUSPICIOUS_MOVE = YES;
				CLANG_WARN_UNGUARDED_AVAILABILITY = YES_AGGRESSIVE;
				CLANG_WARN_UNREACHABLE_CODE = YES;
				CLANG_WARN__DUPLICATE_METHOD_MATCH = YES;
				COPY_PHASE_STRIP = NO;
				DEBUG_INFORMATION_FORMAT = "dwarf-with-dsym";
				ENABLE_NS_ASSERTIONS = NO;
				ENABLE_STRICT_OBJC_MSGSEND = YES;
				ENABLE_USER_SCRIPT_SANDBOXING = YES;
				GCC_C_LANGUAGE_STANDARD = gnu17;
				GCC_NO_COMMON_BLOCKS = YES;
				GCC_WARN_64_TO_32_BIT_CONVERSION = YES;
				GCC_WARN_ABOUT_RETURN_TYPE = YES_ERROR;
				GCC_WARN_UNDECLARED_SELECTOR = YES;
				GCC_WARN_UNINITIALIZED_AUTOS = YES_AGGRESSIVE;
				GCC_WARN_UNUSED_FUNCTION = YES;
				GCC_WARN_UNUSED_VARIABLE = YES;
				IPHONEOS_DEPLOYMENT_TARGET = 18.1;
				LOCALIZATION_PREFERS_STRING_CATALOGS = YES;
				MTL_ENABLE_DEBUG_INFO = NO;
				MTL_FAST_MATH = YES;
				SDKROOT = iphoneos;
				SWIFT_COMPILATION_MODE = wholemodule;
				VALIDATE_PRODUCT = YES;
			};
			name = Release;
		};
		744A9E822D35EBF2006403E7 /* Debug */ = {
			isa = XCBuildConfiguration;
			buildSettings = {
				ASSETCATALOG_COMPILER_APPICON_NAME = AppIcon;
				ASSETCATALOG_COMPILER_GLOBAL_ACCENT_COLOR_NAME = AccentColor;
				CODE_SIGN_STYLE = Automatic;
				CURRENT_PROJECT_VERSION = 1;
				DEVELOPMENT_ASSET_PATHS = "\"NasaPodProject/Preview Content\"";
				ENABLE_PREVIEWS = YES;
				GENERATE_INFOPLIST_FILE = YES;
				INFOPLIST_KEY_UIApplicationSceneManifest_Generation = YES;
				INFOPLIST_KEY_UIApplicationSupportsIndirectInputEvents = YES;
				INFOPLIST_KEY_UILaunchScreen_Generation = YES;
				INFOPLIST_KEY_UISupportedInterfaceOrientations_iPad = "UIInterfaceOrientationPortrait UIInterfaceOrientationPortraitUpsideDown UIInterfaceOrientationLandscapeLeft UIInterfaceOrientationLandscapeRight";
				INFOPLIST_KEY_UISupportedInterfaceOrientations_iPhone = "UIInterfaceOrientationPortrait UIInterfaceOrientationLandscapeLeft UIInterfaceOrientationLandscapeRight";
				LD_RUNPATH_SEARCH_PATHS = (
					"$(inherited)",
					"@executable_path/Frameworks",
				);
				MARKETING_VERSION = 1.0;
				PRODUCT_BUNDLE_IDENTIFIER = Emmanuel.NasaPodProject;
				PRODUCT_NAME = "$(TARGET_NAME)";
				SWIFT_EMIT_LOC_STRINGS = YES;
				SWIFT_VERSION = 5.0;
				TARGETED_DEVICE_FAMILY = "1,2";
			};
			name = Debug;
		};
		744A9E832D35EBF2006403E7 /* Release */ = {
			isa = XCBuildConfiguration;
			buildSettings = {
				ASSETCATALOG_COMPILER_APPICON_NAME = AppIcon;
				ASSETCATALOG_COMPILER_GLOBAL_ACCENT_COLOR_NAME = AccentColor;
				CODE_SIGN_STYLE = Automatic;
				CURRENT_PROJECT_VERSION = 1;
				DEVELOPMENT_ASSET_PATHS = "\"NasaPodProject/Preview Content\"";
				ENABLE_PREVIEWS = YES;
				GENERATE_INFOPLIST_FILE = YES;
				INFOPLIST_KEY_UIApplicationSceneManifest_Generation = YES;
				INFOPLIST_KEY_UIApplicationSupportsIndirectInputEvents = YES;
				INFOPLIST_KEY_UILaunchScreen_Generation = YES;
				INFOPLIST_KEY_UISupportedInterfaceOrientations_iPad = "UIInterfaceOrientationPortrait UIInterfaceOrientationPortraitUpsideDown UIInterfaceOrientationLandscapeLeft UIInterfaceOrientationLandscapeRight";
				INFOPLIST_KEY_UISupportedInterfaceOrientations_iPhone = "UIInterfaceOrientationPortrait UIInterfaceOrientationLandscapeLeft UIInterfaceOrientationLandscapeRight";
				LD_RUNPATH_SEARCH_PATHS = (
					"$(inherited)",
					"@executable_path/Frameworks",
				);
				MARKETING_VERSION = 1.0;
				PRODUCT_BUNDLE_IDENTIFIER = Emmanuel.NasaPodProject;
				PRODUCT_NAME = "$(TARGET_NAME)";
				SWIFT_EMIT_LOC_STRINGS = YES;
				SWIFT_VERSION = 5.0;
				TARGETED_DEVICE_FAMILY = "1,2";
			};
			name = Release;
		};
		744A9E852D35EBF2006403E7 /* Debug */ = {
			isa = XCBuildConfiguration;
			buildSettings = {
				BUNDLE_LOADER = "$(TEST_HOST)";
				CODE_SIGN_STYLE = Automatic;
				CURRENT_PROJECT_VERSION = 1;
				GENERATE_INFOPLIST_FILE = YES;
				IPHONEOS_DEPLOYMENT_TARGET = 18.1;
				MARKETING_VERSION = 1.0;
				PRODUCT_BUNDLE_IDENTIFIER = Emmanuel.NasaPodProjectTests;
				PRODUCT_NAME = "$(TARGET_NAME)";
				SWIFT_EMIT_LOC_STRINGS = NO;
				SWIFT_VERSION = 5.0;
				TARGETED_DEVICE_FAMILY = "1,2";
				TEST_HOST = "$(BUILT_PRODUCTS_DIR)/NasaPodProject.app/$(BUNDLE_EXECUTABLE_FOLDER_PATH)/NasaPodProject";
			};
			name = Debug;
		};
		744A9E862D35EBF2006403E7 /* Release */ = {
			isa = XCBuildConfiguration;
			buildSettings = {
				BUNDLE_LOADER = "$(TEST_HOST)";
				CODE_SIGN_STYLE = Automatic;
				CURRENT_PROJECT_VERSION = 1;
				GENERATE_INFOPLIST_FILE = YES;
				IPHONEOS_DEPLOYMENT_TARGET = 18.1;
				MARKETING_VERSION = 1.0;
				PRODUCT_BUNDLE_IDENTIFIER = Emmanuel.NasaPodProjectTests;
				PRODUCT_NAME = "$(TARGET_NAME)";
				SWIFT_EMIT_LOC_STRINGS = NO;
				SWIFT_VERSION = 5.0;
				TARGETED_DEVICE_FAMILY = "1,2";
				TEST_HOST = "$(BUILT_PRODUCTS_DIR)/NasaPodProject.app/$(BUNDLE_EXECUTABLE_FOLDER_PATH)/NasaPodProject";
			};
			name = Release;
		};
		744A9E882D35EBF2006403E7 /* Debug */ = {
			isa = XCBuildConfiguration;
			buildSettings = {
				CODE_SIGN_STYLE = Automatic;
				CURRENT_PROJECT_VERSION = 1;
				GENERATE_INFOPLIST_FILE = YES;
				MARKETING_VERSION = 1.0;
				PRODUCT_BUNDLE_IDENTIFIER = Emmanuel.NasaPodProjectUITests;
				PRODUCT_NAME = "$(TARGET_NAME)";
				SWIFT_EMIT_LOC_STRINGS = NO;
				SWIFT_VERSION = 5.0;
				TARGETED_DEVICE_FAMILY = "1,2";
				TEST_TARGET_NAME = NasaPodProject;
			};
			name = Debug;
		};
		744A9E892D35EBF2006403E7 /* Release */ = {
			isa = XCBuildConfiguration;
			buildSettings = {
				CODE_SIGN_STYLE = Automatic;
				CURRENT_PROJECT_VERSION = 1;
				GENERATE_INFOPLIST_FILE = YES;
				MARKETING_VERSION = 1.0;
				PRODUCT_BUNDLE_IDENTIFIER = Emmanuel.NasaPodProjectUITests;
				PRODUCT_NAME = "$(TARGET_NAME)";
				SWIFT_EMIT_LOC_STRINGS = NO;
				SWIFT_VERSION = 5.0;
				TARGETED_DEVICE_FAMILY = "1,2";
				TEST_TARGET_NAME = NasaPodProject;
			};
			name = Release;
		};
/* End XCBuildConfiguration section */

/* Begin XCConfigurationList section */
		744A9E582D35EBF0006403E7 /* Build configuration list for PBXProject "NasaPodProject" */ = {
			isa = XCConfigurationList;
			buildConfigurations = (
				744A9E7F2D35EBF2006403E7 /* Debug */,
				744A9E802D35EBF2006403E7 /* Release */,
			);
			defaultConfigurationIsVisible = 0;
			defaultConfigurationName = Release;
		};
		744A9E812D35EBF2006403E7 /* Build configuration list for PBXNativeTarget "NasaPodProject" */ = {
			isa = XCConfigurationList;
			buildConfigurations = (
				744A9E822D35EBF2006403E7 /* Debug */,
				744A9E832D35EBF2006403E7 /* Release */,
			);
			defaultConfigurationIsVisible = 0;
			defaultConfigurationName = Release;
		};
		744A9E842D35EBF2006403E7 /* Build configuration list for PBXNativeTarget "NasaPodProjectTests" */ = {
			isa = XCConfigurationList;
			buildConfigurations = (
				744A9E852D35EBF2006403E7 /* Debug */,
				744A9E862D35EBF2006403E7 /* Release */,
			);
			defaultConfigurationIsVisible = 0;
			defaultConfigurationName = Release;
		};
		744A9E872D35EBF2006403E7 /* Build configuration list for PBXNativeTarget "NasaPodProjectUITests" */ = {
			isa = XCConfigurationList;
			buildConfigurations = (
				744A9E882D35EBF2006403E7 /* Debug */,
				744A9E892D35EBF2006403E7 /* Release */,
			);
			defaultConfigurationIsVisible = 0;
			defaultConfigurationName = Release;
		};
/* End XCConfigurationList section */
	};
	rootObject = 744A9E552D35EBF0006403E7 /* Project object */;
}
